
Microsoft Visual Studio Solution File, Format Version 12.00
# Visual Studio 15
VisualStudioVersion = 15.0.28307.168
MinimumVisualStudioVersion = 10.0.40219.1
Project("{FAE04EC0-301F-11D3-BF4B-00C04F79EFBC}") = "EnvioCorreo", "EnvioCorreo\EnvioCorreo.csproj", "{7F4DE0A0-91AA-4CB2-99BF-C4370C2D910B}"
EndProject
Project("{FAE04EC0-301F-11D3-BF4B-00C04F79EFBC}") = "Cliente", "Cliente\Cliente.csproj", "{82604777-177C-4875-BDEB-311D8742D028}"
EndProject
Global
	GlobalSection(SolutionConfigurationPlatforms) = preSolution
		Debug|Any CPU = Debug|Any CPU
		Release|Any CPU = Release|Any CPU
	EndGlobalSection
	GlobalSection(ProjectConfigurationPlatforms) = postSolution
		{7F4DE0A0-91AA-4CB2-99BF-C4370C2D910B}.Debug|Any CPU.ActiveCfg = Debug|Any CPU
		{7F4DE0A0-91AA-4CB2-99BF-C4370C2D910B}.Debug|Any CPU.Build.0 = Debug|Any CPU
		{7F4DE0A0-91AA-4CB2-99BF-C4370C2D910B}.Release|Any CPU.ActiveCfg = Release|Any CPU
		{7F4DE0A0-91AA-4CB2-99BF-C4370C2D910B}.Release|Any CPU.Build.0 = Release|Any CPU
		{82604777-177C-4875-BDEB-311D8742D028}.Debug|Any CPU.ActiveCfg = Debug|Any CPU
		{82604777-177C-4875-BDEB-311D8742D028}.Debug|Any CPU.Build.0 = Debug|Any CPU
		{82604777-177C-4875-BDEB-311D8742D028}.Release|Any CPU.ActiveCfg = Release|Any CPU
		{82604777-177C-4875-BDEB-311D8742D028}.Release|Any CPU.Build.0 = Release|Any CPU
	EndGlobalSection
	GlobalSection(SolutionProperties) = preSolution
		HideSolutionNode = FALSE
	EndGlobalSection
	GlobalSection(ExtensibilityGlobals) = postSolution
		SolutionGuid = {2F5FAF18-BF85-4AFC-AD64-46025BDF8E69}
	EndGlobalSection
EndGlobal
